
Microsoft Visual Studio Solution File, Format Version 12.00
# Visual Studio Version 16
VisualStudioVersion = 16.0.28803.352
MinimumVisualStudioVersion = 10.0.40219.1
Project("{FAE04EC0-301F-11D3-BF4B-00C04F79EFBC}") = "spIntro", "spIntro\spIntro.csproj", "{F2821B25-1E4B-4E17-8C0F-591A47C5FAF5}"
EndProject
Global
	GlobalSection(SolutionConfigurationPlatforms) = preSolution
		Debug|Any CPU = Debug|Any CPU
		Release|Any CPU = Release|Any CPU
	EndGlobalSection
	GlobalSection(ProjectConfigurationPlatforms) = postSolution
		{F2821B25-1E4B-4E17-8C0F-591A47C5FAF5}.Debug|Any CPU.ActiveCfg = Debug|Any CPU
		{F2821B25-1E4B-4E17-8C0F-591A47C5FAF5}.Debug|Any CPU.Build.0 = Debug|Any CPU
		{F2821B25-1E4B-4E17-8C0F-591A47C5FAF5}.Release|Any CPU.ActiveCfg = Release|Any CPU
		{F2821B25-1E4B-4E17-8C0F-591A47C5FAF5}.Release|Any CPU.Build.0 = Release|Any CPU
	EndGlobalSection
	GlobalSection(SolutionProperties) = preSolution
		HideSolutionNode = FALSE
	EndGlobalSection
	GlobalSection(ExtensibilityGlobals) = postSolution
		SolutionGuid = {9B18450F-A191-470B-9FAE-62D8A9684F32}
	EndGlobalSection
EndGlobal
